{
  "version": 4,
  "terraform_version": "1.14.8",
  "serial": 95,
  "lineage": "efc19db2-948d-f62c-fde3-7bbf57f1ddfd",
  "outputs": {
    "ec2_private_ip": {
      "value": "172.31.43.157",
      "type": "string"
    },
    "ec2_public_dns": {
      "value": "ec2-13-53-206-210.eu-north-1.compute.amazonaws.com",
      "type": "string"
    },
    "ec2_public_ip": {
      "value": "13.53.206.210",
      "type": "string"
    }
  },
  "resources": [
    {
      "mode": "managed",
      "type": "aws_default_vpc",
      "name": "default",
      "provider": "provider[\"registry.terraform.io/hashicorp/aws\"]",
      "instances": [
        {
          "schema_version": 1,
          "attributes": {
            "arn": "arn:aws:ec2:eu-north-1:135133927915:vpc/vpc-05eed19178411c6f5",
            "assign_generated_ipv6_cidr_block": false,
            "cidr_block": "172.31.0.0/16",
            "default_network_acl_id": "acl-0a7a16c57c64c5671",
            "default_route_table_id": "rtb-00eb29ed28e2e2e70",
            "default_security_group_id": "sg-008f16d05c4b73714",
            "dhcp_options_id": "dopt-0470dc82debedcdc0",
            "enable_dns_hostnames": true,
            "enable_dns_support": true,
            "enable_network_address_usage_metrics": false,
            "existing_default_vpc": true,
            "force_destroy": false,
            "id": "vpc-05eed19178411c6f5",
            "instance_tenancy": "default",
            "ipv6_association_id": "",
            "ipv6_cidr_block": "",
            "ipv6_cidr_block_network_border_group": "",
            "ipv6_ipam_pool_id": "",
            "ipv6_netmask_length": 0,
            "main_route_table_id": "rtb-00eb29ed28e2e2e70",
            "owner_id": "135133927915",
            "region": "eu-north-1",
            "tags": null,
            "tags_all": {}
          },
          "sensitive_attributes": [],
          "identity_schema_version": 0,
          "private": "eyJzY2hlbWFfdmVyc2lvbiI6IjEifQ=="
        }
      ]
    },
    {
      "mode": "managed",
      "type": "aws_instance",
      "name": "my_instance",
      "provider": "provider[\"registry.terraform.io/hashicorp/aws\"]",
      "instances": [
        {
          "schema_version": 2,
          "attributes": {
            "ami": "ami-080254318c2d8932f",
            "arn": "arn:aws:ec2:eu-north-1:135133927915:instance/i-0cc3135d9aa5f8a14",
            "associate_public_ip_address": true,
            "availability_zone": "eu-north-1b",
            "capacity_reservation_specification": [
              {
                "capacity_reservation_preference": "open",
                "capacity_reservation_target": []
              }
            ],
            "cpu_options": [
              {
                "amd_sev_snp": "",
                "core_count": 1,
                "nested_virtualization": "",
                "threads_per_core": 2
              }
            ],
            "credit_specification": [
              {
                "cpu_credits": "unlimited"
              }
            ],
            "disable_api_stop": false,
            "disable_api_termination": false,
            "ebs_block_device": [],
            "ebs_optimized": false,
            "enable_primary_ipv6": null,
            "enclave_options": [
              {
                "enabled": false
              }
            ],
            "ephemeral_block_device": [],
            "force_destroy": false,
            "get_password_data": false,
            "hibernation": false,
            "host_id": "",
            "host_resource_group_arn": null,
            "iam_instance_profile": "",
            "id": "i-0cc3135d9aa5f8a14",
            "instance_initiated_shutdown_behavior": "stop",
            "instance_lifecycle": "",
            "instance_market_options": [],
            "instance_state": "running",
            "instance_type": "t3.micro",
            "ipv6_address_count": 0,
            "ipv6_addresses": [],
            "key_name": "terra-key-ec2",
            "launch_template": [],
            "maintenance_options": [
              {
                "auto_recovery": "default"
              }
            ],
            "metadata_options": [
              {
                "http_endpoint": "enabled",
                "http_protocol_ipv6": "disabled",
                "http_put_response_hop_limit": 2,
                "http_tokens": "required",
                "instance_metadata_tags": "disabled"
              }
            ],
            "monitoring": false,
            "network_interface": [],
            "outpost_arn": "",
            "password_data": "",
            "placement_group": "",
            "placement_group_id": "",
            "placement_partition_number": 0,
            "primary_network_interface": [
              {
                "delete_on_termination": true,
                "network_interface_id": "eni-02f007d313ca9fac7"
              }
            ],
            "primary_network_interface_id": "eni-02f007d313ca9fac7",
            "private_dns": "ip-172-31-43-157.eu-north-1.compute.internal",
            "private_dns_name_options": [
              {
                "enable_resource_name_dns_a_record": false,
                "enable_resource_name_dns_aaaa_record": false,
                "hostname_type": "ip-name"
              }
            ],
            "private_ip": "172.31.43.157",
            "public_dns": "ec2-13-53-206-210.eu-north-1.compute.amazonaws.com",
            "public_ip": "13.53.206.210",
            "region": "eu-north-1",
            "root_block_device": [
              {
                "delete_on_termination": true,
                "device_name": "/dev/sda1",
                "encrypted": false,
                "iops": 3000,
                "kms_key_id": "",
                "tags": null,
                "tags_all": {},
                "throughput": 125,
                "volume_id": "vol-061baa3f6d22cd82b",
                "volume_size": 10,
                "volume_type": "gp3"
              }
            ],
            "secondary_network_interface": [],
            "secondary_private_ips": [],
            "security_groups": [
              "terra-security-group"
            ],
            "source_dest_check": true,
            "spot_instance_request_id": "",
            "subnet_id": "subnet-0a2b0800eec6dbc4d",
            "tags": {
              "Name": "terra-automate-server"
            },
            "tags_all": {
              "Name": "terra-automate-server"
            },
            "tenancy": "default",
            "timeouts": null,
            "user_data": "#!/bin/bash\n\nsudo apt-get update\nsudo apt-get install nginx -y\nsudo systemctl start nginx\nsudo systemctl enable nginx\n\necho \"\u003ch1\u003e Terraform in one shot \u003c/h1\u003e\" | sudo tee /var/www/html/html.index",
            "user_data_base64": null,
            "user_data_replace_on_change": false,
            "volume_tags": null,
            "vpc_security_group_ids": [
              "sg-06e23ebb8f559d902"
            ]
          },
          "sensitive_attributes": [],
          "identity_schema_version": 0,
          "identity": {
            "account_id": "135133927915",
            "id": "i-0cc3135d9aa5f8a14",
            "region": "eu-north-1"
          },
          "private": "eyJlMmJmYjczMC1lY2FhLTExZTYtOGY4OC0zNDM2M2JjN2M0YzAiOnsiY3JlYXRlIjo2MDAwMDAwMDAwMDAsImRlbGV0ZSI6MTIwMDAwMDAwMDAwMCwicmVhZCI6OTAwMDAwMDAwMDAwLCJ1cGRhdGUiOjYwMDAwMDAwMDAwMH0sInNjaGVtYV92ZXJzaW9uIjoiMiJ9",
          "dependencies": [
            "aws_default_vpc.default",
            "aws_key_pair.my_key",
            "aws_security_group.my_security_group"
          ]
        }
      ]
    },
    {
      "mode": "managed",
      "type": "aws_key_pair",
      "name": "my_key",
      "provider": "provider[\"registry.terraform.io/hashicorp/aws\"]",
      "instances": [
        {
          "schema_version": 1,
          "attributes": {
            "arn": "arn:aws:ec2:eu-north-1:135133927915:key-pair/terra-key-ec2",
            "fingerprint": "JuF97oc2EjNkT+iUoxGvhncbtd6H0poZiUPC8UOUX1Y=",
            "id": "terra-key-ec2",
            "key_name": "terra-key-ec2",
            "key_name_prefix": "",
            "key_pair_id": "key-0063977895c0276ea",
            "key_type": "ed25519",
            "public_key": "ssh-ed25519 AAAAC3NzaC1lZDI1NTE5AAAAIOkBqHUy5yYQQKSdVWU5+j3mXD/6oXklMGwo42UPMZyk sweat@Sweata",
            "region": "eu-north-1",
            "tags": null,
            "tags_all": {}
          },
          "sensitive_attributes": [],
          "identity_schema_version": 0,
          "private": "eyJzY2hlbWFfdmVyc2lvbiI6IjEifQ=="
        }
      ]
    },
    {
      "mode": "managed",
      "type": "aws_security_group",
      "name": "my_security_group",
      "provider": "provider[\"registry.terraform.io/hashicorp/aws\"]",
      "instances": [
        {
          "schema_version": 1,
          "attributes": {
            "arn": "arn:aws:ec2:eu-north-1:135133927915:security-group/sg-06e23ebb8f559d902",
            "description": "this is Inbound and outbound rules for your instance Security group",
            "egress": [],
            "id": "sg-06e23ebb8f559d902",
            "ingress": [],
            "name": "terra-security-group",
            "name_prefix": "",
            "owner_id": "135133927915",
            "region": "eu-north-1",
            "revoke_rules_on_delete": false,
            "tags": null,
            "tags_all": {},
            "timeouts": null,
            "vpc_id": "vpc-05eed19178411c6f5"
          },
          "sensitive_attributes": [],
          "identity_schema_version": 0,
          "identity": {
            "account_id": "135133927915",
            "id": "sg-06e23ebb8f559d902",
            "region": "eu-north-1"
          },
          "private": "eyJlMmJmYjczMC1lY2FhLTExZTYtOGY4OC0zNDM2M2JjN2M0YzAiOnsiY3JlYXRlIjo2MDAwMDAwMDAwMDAsImRlbGV0ZSI6OTAwMDAwMDAwMDAwfSwic2NoZW1hX3ZlcnNpb24iOiIxIn0=",
          "dependencies": [
            "aws_default_vpc.default"
          ]
        }
      ]
    },
    {
      "mode": "managed",
      "type": "aws_vpc_security_group_egress_rule",
      "name": "allow_all_traffic",
      "provider": "provider[\"registry.terraform.io/hashicorp/aws\"]",
      "instances": [
        {
          "schema_version": 0,
          "attributes": {
            "arn": "arn:aws:ec2:eu-north-1:135133927915:security-group-rule/sgr-078c99d75c21bdfaf",
            "cidr_ipv4": "0.0.0.0/0",
            "cidr_ipv6": null,
            "description": null,
            "from_port": null,
            "id": "sgr-078c99d75c21bdfaf",
            "ip_protocol": "-1",
            "prefix_list_id": null,
            "referenced_security_group_id": null,
            "region": "eu-north-1",
            "security_group_id": "sg-06e23ebb8f559d902",
            "security_group_rule_id": "sgr-078c99d75c21bdfaf",
            "tags": null,
            "tags_all": {},
            "to_port": null
          },
          "sensitive_attributes": [],
          "identity_schema_version": 0,
          "identity": {
            "account_id": "135133927915",
            "id": "sgr-078c99d75c21bdfaf",
            "region": "eu-north-1"
          },
          "dependencies": [
            "aws_default_vpc.default",
            "aws_security_group.my_security_group"
          ]
        }
      ]
    },
    {
      "mode": "managed",
      "type": "aws_vpc_security_group_ingress_rule",
      "name": "allow_http",
      "provider": "provider[\"registry.terraform.io/hashicorp/aws\"]",
      "instances": [
        {
          "schema_version": 0,
          "attributes": {
            "arn": "arn:aws:ec2:eu-north-1:135133927915:security-group-rule/sgr-0cee376946cc266e3",
            "cidr_ipv4": "0.0.0.0/0",
            "cidr_ipv6": null,
            "description": null,
            "from_port": 80,
            "id": "sgr-0cee376946cc266e3",
            "ip_protocol": "tcp",
            "prefix_list_id": null,
            "referenced_security_group_id": null,
            "region": "eu-north-1",
            "security_group_id": "sg-06e23ebb8f559d902",
            "security_group_rule_id": "sgr-0cee376946cc266e3",
            "tags": null,
            "tags_all": {},
            "to_port": 80
          },
          "sensitive_attributes": [],
          "identity_schema_version": 0,
          "identity": {
            "account_id": "135133927915",
            "id": "sgr-0cee376946cc266e3",
            "region": "eu-north-1"
          },
          "dependencies": [
            "aws_default_vpc.default",
            "aws_security_group.my_security_group"
          ]
        }
      ]
    },
    {
      "mode": "managed",
      "type": "aws_vpc_security_group_ingress_rule",
      "name": "allow_ssh",
      "provider": "provider[\"registry.terraform.io/hashicorp/aws\"]",
      "instances": [
        {
          "schema_version": 0,
          "attributes": {
            "arn": "arn:aws:ec2:eu-north-1:135133927915:security-group-rule/sgr-0c4e54f2e9125404a",
            "cidr_ipv4": "0.0.0.0/0",
            "cidr_ipv6": null,
            "description": null,
            "from_port": 22,
            "id": "sgr-0c4e54f2e9125404a",
            "ip_protocol": "tcp",
            "prefix_list_id": null,
            "referenced_security_group_id": null,
            "region": "eu-north-1",
            "security_group_id": "sg-06e23ebb8f559d902",
            "security_group_rule_id": "sgr-0c4e54f2e9125404a",
            "tags": null,
            "tags_all": {},
            "to_port": 22
          },
          "sensitive_attributes": [],
          "identity_schema_version": 0,
          "identity": {
            "account_id": "135133927915",
            "id": "sgr-0c4e54f2e9125404a",
            "region": "eu-north-1"
          },
          "dependencies": [
            "aws_default_vpc.default",
            "aws_security_group.my_security_group"
          ]
        }
      ]
    }
  ],
  "check_results": null
}
